
Microsoft Visual Studio Solution File, Format Version 12.00
# Visual Studio 2012
Project("{FAE04EC0-301F-11D3-BF4B-00C04F79EFBC}") = "GITv2", "GITv2\GITv2.csproj", "{605E4367-FFF9-4323-8A0E-4E2E26474014}"
EndProject
Project("{FAE04EC0-301F-11D3-BF4B-00C04F79EFBC}") = "WIX_SITE_REVIEW", "..\WIX_SITE_REVIEW\WIX_SITE_REVIEW\WIX_SITE_REVIEW.csproj", "{00C729EC-95E4-4D1C-8D16-F28AA727CC74}"
EndProject
Global
	GlobalSection(SolutionConfigurationPlatforms) = preSolution
		Debug|Any CPU = Debug|Any CPU
		Release|Any CPU = Release|Any CPU
	EndGlobalSection
	GlobalSection(ProjectConfigurationPlatforms) = postSolution
		{605E4367-FFF9-4323-8A0E-4E2E26474014}.Debug|Any CPU.ActiveCfg = Debug|Any CPU
		{605E4367-FFF9-4323-8A0E-4E2E26474014}.Debug|Any CPU.Build.0 = Debug|Any CPU
		{605E4367-FFF9-4323-8A0E-4E2E26474014}.Release|Any CPU.ActiveCfg = Release|Any CPU
		{605E4367-FFF9-4323-8A0E-4E2E26474014}.Release|Any CPU.Build.0 = Release|Any CPU
		{00C729EC-95E4-4D1C-8D16-F28AA727CC74}.Debug|Any CPU.ActiveCfg = Debug|Any CPU
		{00C729EC-95E4-4D1C-8D16-F28AA727CC74}.Debug|Any CPU.Build.0 = Debug|Any CPU
		{00C729EC-95E4-4D1C-8D16-F28AA727CC74}.Release|Any CPU.ActiveCfg = Release|Any CPU
		{00C729EC-95E4-4D1C-8D16-F28AA727CC74}.Release|Any CPU.Build.0 = Release|Any CPU
	EndGlobalSection
	GlobalSection(SolutionProperties) = preSolution
		HideSolutionNode = FALSE
	EndGlobalSection
EndGlobal
